// !$*UTF8*$!
{
	archiveVersion = 1;
	classes = {
	};
	objectVersion = 46;
	objects = {

/* Begin PBXBuildFile section */
		81A0F406198D2BEE00D148B1 /* Foundation.framework in Frameworks */ = {isa = PBXBuildFile; fileRef = 81A0F405198D2BEE00D148B1 /* Foundation.framework */; };
		81A0F408198D2BEE00D148B1 /* CoreGraphics.framework in Frameworks */ = {isa = PBXBuildFile; fileRef = 81A0F407198D2BEE00D148B1 /* CoreGraphics.framework */; };
		81A0F40A198D2BEE00D148B1 /* UIKit.framework in Frameworks */ = {isa = PBXBuildFile; fileRef = 81A0F409198D2BEE00D148B1 /* UIKit.framework */; };
		81A0F410198D2BEE00D148B1 /* InfoPlist.strings in Resources */ = {isa = PBXBuildFile; fileRef = 81A0F40E198D2BEE00D148B1 /* InfoPlist.strings */; };
		81A0F412198D2BEE00D148B1 /* main.m in Sources */ = {isa = PBXBuildFile; fileRef = 81A0F411198D2BEE00D148B1 /* main.m */; };
		81A0F416198D2BEE00D148B1 /* AppDelegate.m in Sources */ = {isa = PBXBuildFile; fileRef = 81A0F415198D2BEE00D148B1 /* AppDelegate.m */; };
		81A0F419198D2BEE00D148B1 /* Main.storyboard in Resources */ = {isa = PBXBuildFile; fileRef = 81A0F417198D2BEE00D148B1 /* Main.storyboard */; };
		81A0F41E198D2BEE00D148B1 /* Images.xcassets in Resources */ = {isa = PBXBuildFile; fileRef = 81A0F41D198D2BEE00D148B1 /* Images.xcassets */; };
		81A0F425198D2BEE00D148B1 /* XCTest.framework in Frameworks */ = {isa = PBXBuildFile; fileRef = 81A0F424198D2BEE00D148B1 /* XCTest.framework */; };
		81A0F426198D2BEE00D148B1 /* Foundation.framework in Frameworks */ = {isa = PBXBuildFile; fileRef = 81A0F405198D2BEE00D148B1 /* Foundation.framework */; };
		81A0F427198D2BEE00D148B1 /* UIKit.framework in Frameworks */ = {isa = PBXBuildFile; fileRef = 81A0F409198D2BEE00D148B1 /* UIKit.framework */; };
		81A0F42F198D2BEE00D148B1 /* InfoPlist.strings in Resources */ = {isa = PBXBuildFile; fileRef = 81A0F42D198D2BEE00D148B1 /* InfoPlist.strings */; };
		81A0F431198D2BEE00D148B1 /* SEEKRETTests.m in Sources */ = {isa = PBXBuildFile; fileRef = 81A0F430198D2BEE00D148B1 /* SEEKRETTests.m */; };
		81A0F440198E428400D148B1 /* LoginViewController.m in Sources */ = {isa = PBXBuildFile; fileRef = 81A0F43E198E428400D148B1 /* LoginViewController.m */; };
		81A0F447198EA77700D148B1 /* Security.framework in Frameworks */ = {isa = PBXBuildFile; fileRef = 81A0F446198EA77700D148B1 /* Security.framework */; };
		81A0F449198EA78300D148B1 /* SystemConfiguration.framework in Frameworks */ = {isa = PBXBuildFile; fileRef = 81A0F448198EA78300D148B1 /* SystemConfiguration.framework */; };
		81AB6446199160A3008C2040 /* ShowEndpointViewController.m in Sources */ = {isa = PBXBuildFile; fileRef = 81AB6445199160A3008C2040 /* ShowEndpointViewController.m */; };
		81CD641519952F2C003EAFDE /* GTLQuerySpotAPI.m in Sources */ = {isa = PBXBuildFile; fileRef = 81CD63FF19952F2C003EAFDE /* GTLQuerySpotAPI.m */; };
		81CD641619952F2C003EAFDE /* GTLServiceSpotAPI.m in Sources */ = {isa = PBXBuildFile; fileRef = 81CD640119952F2C003EAFDE /* GTLServiceSpotAPI.m */; };
		81CD641719952F2C003EAFDE /* GTLSpotAPICluster.m in Sources */ = {isa = PBXBuildFile; fileRef = 81CD640419952F2C003EAFDE /* GTLSpotAPICluster.m */; };
		81CD641819952F2C003EAFDE /* GTLSpotAPIConstants.m in Sources */ = {isa = PBXBuildFile; fileRef = 81CD640619952F2C003EAFDE /* GTLSpotAPIConstants.m */; };
		81CD641919952F2C003EAFDE /* GTLSpotAPIJsonMap.m in Sources */ = {isa = PBXBuildFile; fileRef = 81CD640819952F2C003EAFDE /* GTLSpotAPIJsonMap.m */; };
		81CD641A19952F2C003EAFDE /* GTLSpotAPIKey.m in Sources */ = {isa = PBXBuildFile; fileRef = 81CD640A19952F2C003EAFDE /* GTLSpotAPIKey.m */; };
		81CD641B19952F2C003EAFDE /* GTLSpotAPILatLng.m in Sources */ = {isa = PBXBuildFile; fileRef = 81CD640C19952F2C003EAFDE /* GTLSpotAPILatLng.m */; };
		81CD641C19952F2C003EAFDE /* GTLSpotAPIPointOfInterest.m in Sources */ = {isa = PBXBuildFile; fileRef = 81CD640E19952F2C003EAFDE /* GTLSpotAPIPointOfInterest.m */; };
		81CD641D19952F2C003EAFDE /* GTLSpotAPIResponse.m in Sources */ = {isa = PBXBuildFile; fileRef = 81CD641019952F2C003EAFDE /* GTLSpotAPIResponse.m */; };
		81CD641E19952F2C003EAFDE /* GTLSpotAPISpot.m in Sources */ = {isa = PBXBuildFile; fileRef = 81CD641219952F2C003EAFDE /* GTLSpotAPISpot.m */; };
		81CD641F19952F2C003EAFDE /* GTLSpotAPISpotResultList.m in Sources */ = {isa = PBXBuildFile; fileRef = 81CD641419952F2C003EAFDE /* GTLSpotAPISpotResultList.m */; };
		B4D0B35919AE368F005291B5 /* MainViewController.swift in Sources */ = {isa = PBXBuildFile; fileRef = B4D0B35819AE368F005291B5 /* MainViewController.swift */; };
		B4F0AD6F19AE4ADA00213B12 /* MapViewController.swift in Sources */ = {isa = PBXBuildFile; fileRef = B4F0AD6D19AE4ADA00213B12 /* MapViewController.swift */; };
		B4F0AD7019AE4ADA00213B12 /* EndpointController.swift in Sources */ = {isa = PBXBuildFile; fileRef = B4F0AD6E19AE4ADA00213B12 /* EndpointController.swift */; };
		B4F0AD7219AE4B1200213B12 /* UIHelper.swift in Sources */ = {isa = PBXBuildFile; fileRef = B4F0AD7119AE4B1200213B12 /* UIHelper.swift */; };
		F725501D9E8A46C8A26A93B5 /* libPods-SEEKRET.a in Frameworks */ = {isa = PBXBuildFile; fileRef = CBF8489DBCFD440081CF3D34 /* libPods-SEEKRET.a */; };
/* End PBXBuildFile section */

/* Begin PBXContainerItemProxy section */
		81A0F428198D2BEE00D148B1 /* PBXContainerItemProxy */ = {
			isa = PBXContainerItemProxy;
			containerPortal = 81A0F3FA198D2BEE00D148B1 /* Project object */;
			proxyType = 1;
			remoteGlobalIDString = 81A0F401198D2BEE00D148B1;
			remoteInfo = SEEKRET;
		};
/* End PBXContainerItemProxy section */

/* Begin PBXFileReference section */
		6B8563B7BB9D4D22B19A2DA5 /* Pods-SEEKRET.xcconfig */ = {isa = PBXFileReference; includeInIndex = 1; lastKnownFileType = text.xcconfig; name = "Pods-SEEKRET.xcconfig"; path = "Pods/Pods-SEEKRET.xcconfig"; sourceTree = "<group>"; };
		81A0F402198D2BEE00D148B1 /* SEEKRET.app */ = {isa = PBXFileReference; explicitFileType = wrapper.application; includeInIndex = 0; path = SEEKRET.app; sourceTree = BUILT_PRODUCTS_DIR; };
		81A0F405198D2BEE00D148B1 /* Foundation.framework */ = {isa = PBXFileReference; lastKnownFileType = wrapper.framework; name = Foundation.framework; path = System/Library/Frameworks/Foundation.framework; sourceTree = SDKROOT; };
		81A0F407198D2BEE00D148B1 /* CoreGraphics.framework */ = {isa = PBXFileReference; lastKnownFileType = wrapper.framework; name = CoreGraphics.framework; path = System/Library/Frameworks/CoreGraphics.framework; sourceTree = SDKROOT; };
		81A0F409198D2BEE00D148B1 /* UIKit.framework */ = {isa = PBXFileReference; lastKnownFileType = wrapper.framework; name = UIKit.framework; path = System/Library/Frameworks/UIKit.framework; sourceTree = SDKROOT; };
		81A0F40D198D2BEE00D148B1 /* SEEKRET-Info.plist */ = {isa = PBXFileReference; lastKnownFileType = text.plist.xml; path = "SEEKRET-Info.plist"; sourceTree = "<group>"; };
		81A0F40F198D2BEE00D148B1 /* en */ = {isa = PBXFileReference; lastKnownFileType = text.plist.strings; name = en; path = en.lproj/InfoPlist.strings; sourceTree = "<group>"; };
		81A0F411198D2BEE00D148B1 /* main.m */ = {isa = PBXFileReference; lastKnownFileType = sourcecode.c.objc; path = main.m; sourceTree = "<group>"; };
		81A0F413198D2BEE00D148B1 /* SEEKRET-Prefix.pch */ = {isa = PBXFileReference; lastKnownFileType = sourcecode.c.h; path = "SEEKRET-Prefix.pch"; sourceTree = "<group>"; };
		81A0F414198D2BEE00D148B1 /* AppDelegate.h */ = {isa = PBXFileReference; lastKnownFileType = sourcecode.c.h; path = AppDelegate.h; sourceTree = "<group>"; };
		81A0F415198D2BEE00D148B1 /* AppDelegate.m */ = {isa = PBXFileReference; lastKnownFileType = sourcecode.c.objc; path = AppDelegate.m; sourceTree = "<group>"; };
		81A0F418198D2BEE00D148B1 /* Base */ = {isa = PBXFileReference; lastKnownFileType = file.storyboard; name = Base; path = Base.lproj/Main.storyboard; sourceTree = "<group>"; };
		81A0F41D198D2BEE00D148B1 /* Images.xcassets */ = {isa = PBXFileReference; lastKnownFileType = folder.assetcatalog; name = Images.xcassets; path = ../Images.xcassets; sourceTree = "<group>"; };
		81A0F423198D2BEE00D148B1 /* SEEKRETTests.xctest */ = {isa = PBXFileReference; explicitFileType = wrapper.cfbundle; includeInIndex = 0; path = SEEKRETTests.xctest; sourceTree = BUILT_PRODUCTS_DIR; };
		81A0F424198D2BEE00D148B1 /* XCTest.framework */ = {isa = PBXFileReference; lastKnownFileType = wrapper.framework; name = XCTest.framework; path = Library/Frameworks/XCTest.framework; sourceTree = DEVELOPER_DIR; };
		81A0F42C198D2BEE00D148B1 /* SEEKRETTests-Info.plist */ = {isa = PBXFileReference; lastKnownFileType = text.plist.xml; path = "SEEKRETTests-Info.plist"; sourceTree = "<group>"; };
		81A0F42E198D2BEE00D148B1 /* en */ = {isa = PBXFileReference; lastKnownFileType = text.plist.strings; name = en; path = en.lproj/InfoPlist.strings; sourceTree = "<group>"; };
		81A0F430198D2BEE00D148B1 /* SEEKRETTests.m */ = {isa = PBXFileReference; lastKnownFileType = sourcecode.c.objc; path = SEEKRETTests.m; sourceTree = "<group>"; };
		81A0F43D198E428400D148B1 /* LoginViewController.h */ = {isa = PBXFileReference; fileEncoding = 4; lastKnownFileType = sourcecode.c.h; path = LoginViewController.h; sourceTree = "<group>"; };
		81A0F43E198E428400D148B1 /* LoginViewController.m */ = {isa = PBXFileReference; fileEncoding = 4; lastKnownFileType = sourcecode.c.objc; path = LoginViewController.m; sourceTree = "<group>"; };
		81A0F446198EA77700D148B1 /* Security.framework */ = {isa = PBXFileReference; lastKnownFileType = wrapper.framework; name = Security.framework; path = System/Library/Frameworks/Security.framework; sourceTree = SDKROOT; };
		81A0F448198EA78300D148B1 /* SystemConfiguration.framework */ = {isa = PBXFileReference; lastKnownFileType = wrapper.framework; name = SystemConfiguration.framework; path = System/Library/Frameworks/SystemConfiguration.framework; sourceTree = SDKROOT; };
		81AB6444199160A3008C2040 /* ShowEndpointViewController.h */ = {isa = PBXFileReference; fileEncoding = 4; lastKnownFileType = sourcecode.c.h; path = ShowEndpointViewController.h; sourceTree = "<group>"; };
		81AB6445199160A3008C2040 /* ShowEndpointViewController.m */ = {isa = PBXFileReference; fileEncoding = 4; lastKnownFileType = sourcecode.c.objc; path = ShowEndpointViewController.m; sourceTree = "<group>"; };
		81CD63FE19952F2C003EAFDE /* GTLQuerySpotAPI.h */ = {isa = PBXFileReference; fileEncoding = 4; lastKnownFileType = sourcecode.c.h; name = GTLQuerySpotAPI.h; path = Endpoints/GTLQuerySpotAPI.h; sourceTree = "<group>"; };
		81CD63FF19952F2C003EAFDE /* GTLQuerySpotAPI.m */ = {isa = PBXFileReference; fileEncoding = 4; lastKnownFileType = sourcecode.c.objc; name = GTLQuerySpotAPI.m; path = Endpoints/GTLQuerySpotAPI.m; sourceTree = "<group>"; };
		81CD640019952F2C003EAFDE /* GTLServiceSpotAPI.h */ = {isa = PBXFileReference; fileEncoding = 4; lastKnownFileType = sourcecode.c.h; name = GTLServiceSpotAPI.h; path = Endpoints/GTLServiceSpotAPI.h; sourceTree = "<group>"; };
		81CD640119952F2C003EAFDE /* GTLServiceSpotAPI.m */ = {isa = PBXFileReference; fileEncoding = 4; lastKnownFileType = sourcecode.c.objc; name = GTLServiceSpotAPI.m; path = Endpoints/GTLServiceSpotAPI.m; sourceTree = "<group>"; };
		81CD640219952F2C003EAFDE /* GTLSpotAPI.h */ = {isa = PBXFileReference; fileEncoding = 4; lastKnownFileType = sourcecode.c.h; name = GTLSpotAPI.h; path = Endpoints/GTLSpotAPI.h; sourceTree = "<group>"; };
		81CD640319952F2C003EAFDE /* GTLSpotAPICluster.h */ = {isa = PBXFileReference; fileEncoding = 4; lastKnownFileType = sourcecode.c.h; name = GTLSpotAPICluster.h; path = Endpoints/GTLSpotAPICluster.h; sourceTree = "<group>"; };
		81CD640419952F2C003EAFDE /* GTLSpotAPICluster.m */ = {isa = PBXFileReference; fileEncoding = 4; lastKnownFileType = sourcecode.c.objc; name = GTLSpotAPICluster.m; path = Endpoints/GTLSpotAPICluster.m; sourceTree = "<group>"; };
		81CD640519952F2C003EAFDE /* GTLSpotAPIConstants.h */ = {isa = PBXFileReference; fileEncoding = 4; lastKnownFileType = sourcecode.c.h; name = GTLSpotAPIConstants.h; path = Endpoints/GTLSpotAPIConstants.h; sourceTree = "<group>"; };
		81CD640619952F2C003EAFDE /* GTLSpotAPIConstants.m */ = {isa = PBXFileReference; fileEncoding = 4; lastKnownFileType = sourcecode.c.objc; name = GTLSpotAPIConstants.m; path = Endpoints/GTLSpotAPIConstants.m; sourceTree = "<group>"; };
		81CD640719952F2C003EAFDE /* GTLSpotAPIJsonMap.h */ = {isa = PBXFileReference; fileEncoding = 4; lastKnownFileType = sourcecode.c.h; name = GTLSpotAPIJsonMap.h; path = Endpoints/GTLSpotAPIJsonMap.h; sourceTree = "<group>"; };
		81CD640819952F2C003EAFDE /* GTLSpotAPIJsonMap.m */ = {isa = PBXFileReference; fileEncoding = 4; lastKnownFileType = sourcecode.c.objc; name = GTLSpotAPIJsonMap.m; path = Endpoints/GTLSpotAPIJsonMap.m; sourceTree = "<group>"; };
		81CD640919952F2C003EAFDE /* GTLSpotAPIKey.h */ = {isa = PBXFileReference; fileEncoding = 4; lastKnownFileType = sourcecode.c.h; name = GTLSpotAPIKey.h; path = Endpoints/GTLSpotAPIKey.h; sourceTree = "<group>"; };
		81CD640A19952F2C003EAFDE /* GTLSpotAPIKey.m */ = {isa = PBXFileReference; fileEncoding = 4; lastKnownFileType = sourcecode.c.objc; name = GTLSpotAPIKey.m; path = Endpoints/GTLSpotAPIKey.m; sourceTree = "<group>"; };
		81CD640B19952F2C003EAFDE /* GTLSpotAPILatLng.h */ = {isa = PBXFileReference; fileEncoding = 4; lastKnownFileType = sourcecode.c.h; name = GTLSpotAPILatLng.h; path = Endpoints/GTLSpotAPILatLng.h; sourceTree = "<group>"; };
		81CD640C19952F2C003EAFDE /* GTLSpotAPILatLng.m */ = {isa = PBXFileReference; fileEncoding = 4; lastKnownFileType = sourcecode.c.objc; name = GTLSpotAPILatLng.m; path = Endpoints/GTLSpotAPILatLng.m; sourceTree = "<group>"; };
		81CD640D19952F2C003EAFDE /* GTLSpotAPIPointOfInterest.h */ = {isa = PBXFileReference; fileEncoding = 4; lastKnownFileType = sourcecode.c.h; name = GTLSpotAPIPointOfInterest.h; path = Endpoints/GTLSpotAPIPointOfInterest.h; sourceTree = "<group>"; };
		81CD640E19952F2C003EAFDE /* GTLSpotAPIPointOfInterest.m */ = {isa = PBXFileReference; fileEncoding = 4; lastKnownFileType = sourcecode.c.objc; name = GTLSpotAPIPointOfInterest.m; path = Endpoints/GTLSpotAPIPointOfInterest.m; sourceTree = "<group>"; };
		81CD640F19952F2C003EAFDE /* GTLSpotAPIResponse.h */ = {isa = PBXFileReference; fileEncoding = 4; lastKnownFileType = sourcecode.c.h; name = GTLSpotAPIResponse.h; path = Endpoints/GTLSpotAPIResponse.h; sourceTree = "<group>"; };
		81CD641019952F2C003EAFDE /* GTLSpotAPIResponse.m */ = {isa = PBXFileReference; fileEncoding = 4; lastKnownFileType = sourcecode.c.objc; name = GTLSpotAPIResponse.m; path = Endpoints/GTLSpotAPIResponse.m; sourceTree = "<group>"; };
		81CD641119952F2C003EAFDE /* GTLSpotAPISpot.h */ = {isa = PBXFileReference; fileEncoding = 4; lastKnownFileType = sourcecode.c.h; name = GTLSpotAPISpot.h; path = Endpoints/GTLSpotAPISpot.h; sourceTree = "<group>"; };
		81CD641219952F2C003EAFDE /* GTLSpotAPISpot.m */ = {isa = PBXFileReference; fileEncoding = 4; lastKnownFileType = sourcecode.c.objc; name = GTLSpotAPISpot.m; path = Endpoints/GTLSpotAPISpot.m; sourceTree = "<group>"; };
		81CD641319952F2C003EAFDE /* GTLSpotAPISpotResultList.h */ = {isa = PBXFileReference; fileEncoding = 4; lastKnownFileType = sourcecode.c.h; name = GTLSpotAPISpotResultList.h; path = Endpoints/GTLSpotAPISpotResultList.h; sourceTree = "<group>"; };
		81CD641419952F2C003EAFDE /* GTLSpotAPISpotResultList.m */ = {isa = PBXFileReference; fileEncoding = 4; lastKnownFileType = sourcecode.c.objc; name = GTLSpotAPISpotResultList.m; path = Endpoints/GTLSpotAPISpotResultList.m; sourceTree = "<group>"; };
		B4D0B35719AE368E005291B5 /* SEEKRET-Bridging-Header.h */ = {isa = PBXFileReference; lastKnownFileType = sourcecode.c.h; path = "SEEKRET-Bridging-Header.h"; sourceTree = "<group>"; };
		B4D0B35819AE368F005291B5 /* MainViewController.swift */ = {isa = PBXFileReference; fileEncoding = 4; lastKnownFileType = sourcecode.swift; path = MainViewController.swift; sourceTree = "<group>"; };
		B4F0AD6D19AE4ADA00213B12 /* MapViewController.swift */ = {isa = PBXFileReference; fileEncoding = 4; lastKnownFileType = sourcecode.swift; path = MapViewController.swift; sourceTree = "<group>"; };
		B4F0AD6E19AE4ADA00213B12 /* EndpointController.swift */ = {isa = PBXFileReference; fileEncoding = 4; lastKnownFileType = sourcecode.swift; path = EndpointController.swift; sourceTree = "<group>"; };
		B4F0AD7119AE4B1200213B12 /* UIHelper.swift */ = {isa = PBXFileReference; fileEncoding = 4; lastKnownFileType = sourcecode.swift; name = UIHelper.swift; path = "../../../iOS-App-Swift/SEEKRET-SWIFT/UIHelper.swift"; sourceTree = "<group>"; };
		CBF8489DBCFD440081CF3D34 /* libPods-SEEKRET.a */ = {isa = PBXFileReference; explicitFileType = archive.ar; includeInIndex = 0; path = "libPods-SEEKRET.a"; sourceTree = BUILT_PRODUCTS_DIR; };
/* End PBXFileReference section */

/* Begin PBXFrameworksBuildPhase section */
		81A0F3FF198D2BEE00D148B1 /* Frameworks */ = {
			isa = PBXFrameworksBuildPhase;
			buildActionMask = 2147483647;
			files = (
				81A0F449198EA78300D148B1 /* SystemConfiguration.framework in Frameworks */,
				81A0F447198EA77700D148B1 /* Security.framework in Frameworks */,
				81A0F408198D2BEE00D148B1 /* CoreGraphics.framework in Frameworks */,
				81A0F40A198D2BEE00D148B1 /* UIKit.framework in Frameworks */,
				81A0F406198D2BEE00D148B1 /* Foundation.framework in Frameworks */,
				F725501D9E8A46C8A26A93B5 /* libPods-SEEKRET.a in Frameworks */,
			);
			runOnlyForDeploymentPostprocessing = 0;
		};
		81A0F420198D2BEE00D148B1 /* Frameworks */ = {
			isa = PBXFrameworksBuildPhase;
			buildActionMask = 2147483647;
			files = (
				81A0F425198D2BEE00D148B1 /* XCTest.framework in Frameworks */,
				81A0F427198D2BEE00D148B1 /* UIKit.framework in Frameworks */,
				81A0F426198D2BEE00D148B1 /* Foundation.framework in Frameworks */,
			);
			runOnlyForDeploymentPostprocessing = 0;
		};
/* End PBXFrameworksBuildPhase section */

/* Begin PBXGroup section */
		81A0F3F9198D2BEE00D148B1 = {
			isa = PBXGroup;
			children = (
				81A0F40B198D2BEE00D148B1 /* SEEKRET */,
				81A0F42A198D2BEE00D148B1 /* SEEKRETTests */,
				81A0F404198D2BEE00D148B1 /* Frameworks */,
				81A0F403198D2BEE00D148B1 /* Products */,
				6B8563B7BB9D4D22B19A2DA5 /* Pods-SEEKRET.xcconfig */,
			);
			sourceTree = "<group>";
		};
		81A0F403198D2BEE00D148B1 /* Products */ = {
			isa = PBXGroup;
			children = (
				81A0F402198D2BEE00D148B1 /* SEEKRET.app */,
				81A0F423198D2BEE00D148B1 /* SEEKRETTests.xctest */,
			);
			name = Products;
			sourceTree = "<group>";
		};
		81A0F404198D2BEE00D148B1 /* Frameworks */ = {
			isa = PBXGroup;
			children = (
				81A0F448198EA78300D148B1 /* SystemConfiguration.framework */,
				81A0F446198EA77700D148B1 /* Security.framework */,
				81A0F405198D2BEE00D148B1 /* Foundation.framework */,
				81A0F407198D2BEE00D148B1 /* CoreGraphics.framework */,
				81A0F409198D2BEE00D148B1 /* UIKit.framework */,
				81A0F424198D2BEE00D148B1 /* XCTest.framework */,
				CBF8489DBCFD440081CF3D34 /* libPods-SEEKRET.a */,
			);
			name = Frameworks;
			sourceTree = "<group>";
		};
		81A0F40B198D2BEE00D148B1 /* SEEKRET */ = {
			isa = PBXGroup;
			children = (
				81AB648919916785008C2040 /* Endpoints */,
				81A0F441198E5C1C00D148B1 /* Ressources */,
				81A0F43A198E428400D148B1 /* Controller */,
				81A0F43B198E428400D148B1 /* Model */,
				81A0F43C198E428400D148B1 /* ViewController */,
				81A0F43F198E428400D148B1 /* Views */,
				81A0F414198D2BEE00D148B1 /* AppDelegate.h */,
				81A0F415198D2BEE00D148B1 /* AppDelegate.m */,
				81A0F417198D2BEE00D148B1 /* Main.storyboard */,
				81A0F40C198D2BEE00D148B1 /* Supporting Files */,
			);
			path = SEEKRET;
			sourceTree = "<group>";
		};
		81A0F40C198D2BEE00D148B1 /* Supporting Files */ = {
			isa = PBXGroup;
			children = (
				81A0F40D198D2BEE00D148B1 /* SEEKRET-Info.plist */,
				81A0F40E198D2BEE00D148B1 /* InfoPlist.strings */,
				81A0F411198D2BEE00D148B1 /* main.m */,
				81A0F413198D2BEE00D148B1 /* SEEKRET-Prefix.pch */,
			);
			name = "Supporting Files";
			sourceTree = "<group>";
		};
		81A0F42A198D2BEE00D148B1 /* SEEKRETTests */ = {
			isa = PBXGroup;
			children = (
				81A0F430198D2BEE00D148B1 /* SEEKRETTests.m */,
				81A0F42B198D2BEE00D148B1 /* Supporting Files */,
			);
			path = SEEKRETTests;
			sourceTree = "<group>";
		};
		81A0F42B198D2BEE00D148B1 /* Supporting Files */ = {
			isa = PBXGroup;
			children = (
				81A0F42C198D2BEE00D148B1 /* SEEKRETTests-Info.plist */,
				81A0F42D198D2BEE00D148B1 /* InfoPlist.strings */,
			);
			name = "Supporting Files";
			sourceTree = "<group>";
		};
		81A0F43A198E428400D148B1 /* Controller */ = {
			isa = PBXGroup;
			children = (
			);
			path = Controller;
			sourceTree = "<group>";
		};
		81A0F43B198E428400D148B1 /* Model */ = {
			isa = PBXGroup;
			children = (
				B4F0AD7119AE4B1200213B12 /* UIHelper.swift */,
			);
			path = Model;
			sourceTree = "<group>";
		};
		81A0F43C198E428400D148B1 /* ViewController */ = {
			isa = PBXGroup;
			children = (
				B4F0AD6D19AE4ADA00213B12 /* MapViewController.swift */,
				B4F0AD6E19AE4ADA00213B12 /* EndpointController.swift */,
				81A0F43D198E428400D148B1 /* LoginViewController.h */,
				81A0F43E198E428400D148B1 /* LoginViewController.m */,
				81AB6444199160A3008C2040 /* ShowEndpointViewController.h */,
				81AB6445199160A3008C2040 /* ShowEndpointViewController.m */,
				B4D0B35819AE368F005291B5 /* MainViewController.swift */,
				B4D0B35719AE368E005291B5 /* SEEKRET-Bridging-Header.h */,
			);
			path = ViewController;
			sourceTree = "<group>";
		};
		81A0F43F198E428400D148B1 /* Views */ = {
			isa = PBXGroup;
			children = (
			);
			path = Views;
			sourceTree = "<group>";
		};
		81A0F441198E5C1C00D148B1 /* Ressources */ = {
			isa = PBXGroup;
			children = (
				81A0F41D198D2BEE00D148B1 /* Images.xcassets */,
			);
			path = Ressources;
			sourceTree = "<group>";
		};
		81AB648919916785008C2040 /* Endpoints */ = {
			isa = PBXGroup;
			children = (
				81CD63FE19952F2C003EAFDE /* GTLQuerySpotAPI.h */,
				81CD63FF19952F2C003EAFDE /* GTLQuerySpotAPI.m */,
				81CD640019952F2C003EAFDE /* GTLServiceSpotAPI.h */,
				81CD640119952F2C003EAFDE /* GTLServiceSpotAPI.m */,
				81CD640219952F2C003EAFDE /* GTLSpotAPI.h */,
				81CD640319952F2C003EAFDE /* GTLSpotAPICluster.h */,
				81CD640419952F2C003EAFDE /* GTLSpotAPICluster.m */,
				81CD640519952F2C003EAFDE /* GTLSpotAPIConstants.h */,
				81CD640619952F2C003EAFDE /* GTLSpotAPIConstants.m */,
				81CD640719952F2C003EAFDE /* GTLSpotAPIJsonMap.h */,
				81CD640819952F2C003EAFDE /* GTLSpotAPIJsonMap.m */,
				81CD640919952F2C003EAFDE /* GTLSpotAPIKey.h */,
				81CD640A19952F2C003EAFDE /* GTLSpotAPIKey.m */,
				81CD640B19952F2C003EAFDE /* GTLSpotAPILatLng.h */,
				81CD640C19952F2C003EAFDE /* GTLSpotAPILatLng.m */,
				81CD640D19952F2C003EAFDE /* GTLSpotAPIPointOfInterest.h */,
				81CD640E19952F2C003EAFDE /* GTLSpotAPIPointOfInterest.m */,
				81CD640F19952F2C003EAFDE /* GTLSpotAPIResponse.h */,
				81CD641019952F2C003EAFDE /* GTLSpotAPIResponse.m */,
				81CD641119952F2C003EAFDE /* GTLSpotAPISpot.h */,
				81CD641219952F2C003EAFDE /* GTLSpotAPISpot.m */,
				81CD641319952F2C003EAFDE /* GTLSpotAPISpotResultList.h */,
				81CD641419952F2C003EAFDE /* GTLSpotAPISpotResultList.m */,
			);
			name = Endpoints;
			sourceTree = "<group>";
		};
/* End PBXGroup section */

/* Begin PBXNativeTarget section */
		81A0F401198D2BEE00D148B1 /* SEEKRET */ = {
			isa = PBXNativeTarget;
			buildConfigurationList = 81A0F434198D2BEE00D148B1 /* Build configuration list for PBXNativeTarget "SEEKRET" */;
			buildPhases = (
				64A5855ED71243FBAD48C99A /* Check Pods Manifest.lock */,
				81A0F3FE198D2BEE00D148B1 /* Sources */,
				81A0F3FF198D2BEE00D148B1 /* Frameworks */,
				81A0F400198D2BEE00D148B1 /* Resources */,
				6CA1C2E153C843958CF47ED0 /* Copy Pods Resources */,
			);
			buildRules = (
			);
			dependencies = (
			);
			name = SEEKRET;
			productName = SEEKRET;
			productReference = 81A0F402198D2BEE00D148B1 /* SEEKRET.app */;
			productType = "com.apple.product-type.application";
		};
		81A0F422198D2BEE00D148B1 /* SEEKRETTests */ = {
			isa = PBXNativeTarget;
			buildConfigurationList = 81A0F437198D2BEE00D148B1 /* Build configuration list for PBXNativeTarget "SEEKRETTests" */;
			buildPhases = (
				81A0F41F198D2BEE00D148B1 /* Sources */,
				81A0F420198D2BEE00D148B1 /* Frameworks */,
				81A0F421198D2BEE00D148B1 /* Resources */,
			);
			buildRules = (
			);
			dependencies = (
				81A0F429198D2BEE00D148B1 /* PBXTargetDependency */,
			);
			name = SEEKRETTests;
			productName = SEEKRETTests;
			productReference = 81A0F423198D2BEE00D148B1 /* SEEKRETTests.xctest */;
			productType = "com.apple.product-type.bundle.unit-test";
		};
/* End PBXNativeTarget section */

/* Begin PBXProject section */
		81A0F3FA198D2BEE00D148B1 /* Project object */ = {
			isa = PBXProject;
			attributes = {
				LastUpgradeCheck = 0510;
				ORGANIZATIONNAME = "nomis-development.net";
				TargetAttributes = {
					81A0F401198D2BEE00D148B1 = {
						DevelopmentTeam = WCM2L8RG39;
					};
					81A0F422198D2BEE00D148B1 = {
						TestTargetID = 81A0F401198D2BEE00D148B1;
					};
				};
			};
			buildConfigurationList = 81A0F3FD198D2BEE00D148B1 /* Build configuration list for PBXProject "SEEKRET" */;
			compatibilityVersion = "Xcode 3.2";
			developmentRegion = English;
			hasScannedForEncodings = 0;
			knownRegions = (
				en,
				Base,
			);
			mainGroup = 81A0F3F9198D2BEE00D148B1;
			productRefGroup = 81A0F403198D2BEE00D148B1 /* Products */;
			projectDirPath = "";
			projectRoot = "";
			targets = (
				81A0F401198D2BEE00D148B1 /* SEEKRET */,
				81A0F422198D2BEE00D148B1 /* SEEKRETTests */,
			);
		};
/* End PBXProject section */

/* Begin PBXResourcesBuildPhase section */
		81A0F400198D2BEE00D148B1 /* Resources */ = {
			isa = PBXResourcesBuildPhase;
			buildActionMask = 2147483647;
			files = (
				81A0F41E198D2BEE00D148B1 /* Images.xcassets in Resources */,
				81A0F410198D2BEE00D148B1 /* InfoPlist.strings in Resources */,
				81A0F419198D2BEE00D148B1 /* Main.storyboard in Resources */,
			);
			runOnlyForDeploymentPostprocessing = 0;
		};
		81A0F421198D2BEE00D148B1 /* Resources */ = {
			isa = PBXResourcesBuildPhase;
			buildActionMask = 2147483647;
			files = (
				81A0F42F198D2BEE00D148B1 /* InfoPlist.strings in Resources */,
			);
			runOnlyForDeploymentPostprocessing = 0;
		};
/* End PBXResourcesBuildPhase section */

/* Begin PBXShellScriptBuildPhase section */
		64A5855ED71243FBAD48C99A /* Check Pods Manifest.lock */ = {
			isa = PBXShellScriptBuildPhase;
			buildActionMask = 2147483647;
			files = (
			);
			inputPaths = (
			);
			name = "Check Pods Manifest.lock";
			outputPaths = (
			);
			runOnlyForDeploymentPostprocessing = 0;
			shellPath = /bin/sh;
			shellScript = "diff \"${PODS_ROOT}/../Podfile.lock\" \"${PODS_ROOT}/Manifest.lock\" > /dev/null\nif [[ $? != 0 ]] ; then\n    cat << EOM\nerror: The sandbox is not in sync with the Podfile.lock. Run 'pod install' or update your CocoaPods installation.\nEOM\n    exit 1\nfi\n";
			showEnvVarsInLog = 0;
		};
		6CA1C2E153C843958CF47ED0 /* Copy Pods Resources */ = {
			isa = PBXShellScriptBuildPhase;
			buildActionMask = 2147483647;
			files = (
			);
			inputPaths = (
			);
			name = "Copy Pods Resources";
			outputPaths = (
			);
			runOnlyForDeploymentPostprocessing = 0;
			shellPath = /bin/sh;
			shellScript = "\"${SRCROOT}/Pods/Pods-SEEKRET-resources.sh\"\n";
			showEnvVarsInLog = 0;
		};
/* End PBXShellScriptBuildPhase section */

/* Begin PBXSourcesBuildPhase section */
		81A0F3FE198D2BEE00D148B1 /* Sources */ = {
			isa = PBXSourcesBuildPhase;
			buildActionMask = 2147483647;
			files = (
				81CD641719952F2C003EAFDE /* GTLSpotAPICluster.m in Sources */,
				81CD641919952F2C003EAFDE /* GTLSpotAPIJsonMap.m in Sources */,
				81CD641619952F2C003EAFDE /* GTLServiceSpotAPI.m in Sources */,
				81AB6446199160A3008C2040 /* ShowEndpointViewController.m in Sources */,
				B4F0AD7019AE4ADA00213B12 /* EndpointController.swift in Sources */,
				81A0F416198D2BEE00D148B1 /* AppDelegate.m in Sources */,
				81CD641D19952F2C003EAFDE /* GTLSpotAPIResponse.m in Sources */,
				81CD641B19952F2C003EAFDE /* GTLSpotAPILatLng.m in Sources */,
				B4D0B35919AE368F005291B5 /* MainViewController.swift in Sources */,
				81CD641C19952F2C003EAFDE /* GTLSpotAPIPointOfInterest.m in Sources */,
				81CD641F19952F2C003EAFDE /* GTLSpotAPISpotResultList.m in Sources */,
				81CD641819952F2C003EAFDE /* GTLSpotAPIConstants.m in Sources */,
				81CD641519952F2C003EAFDE /* GTLQuerySpotAPI.m in Sources */,
				81CD641E19952F2C003EAFDE /* GTLSpotAPISpot.m in Sources */,
				81A0F412198D2BEE00D148B1 /* main.m in Sources */,
				B4F0AD7219AE4B1200213B12 /* UIHelper.swift in Sources */,
				81CD641A19952F2C003EAFDE /* GTLSpotAPIKey.m in Sources */,
				81A0F440198E428400D148B1 /* LoginViewController.m in Sources */,
				B4F0AD6F19AE4ADA00213B12 /* MapViewController.swift in Sources */,
			);
			runOnlyForDeploymentPostprocessing = 0;
		};
		81A0F41F198D2BEE00D148B1 /* Sources */ = {
			isa = PBXSourcesBuildPhase;
			buildActionMask = 2147483647;
			files = (
				81A0F431198D2BEE00D148B1 /* SEEKRETTests.m in Sources */,
			);
			runOnlyForDeploymentPostprocessing = 0;
		};
/* End PBXSourcesBuildPhase section */

/* Begin PBXTargetDependency section */
		81A0F429198D2BEE00D148B1 /* PBXTargetDependency */ = {
			isa = PBXTargetDependency;
			target = 81A0F401198D2BEE00D148B1 /* SEEKRET */;
			targetProxy = 81A0F428198D2BEE00D148B1 /* PBXContainerItemProxy */;
		};
/* End PBXTargetDependency section */

/* Begin PBXVariantGroup section */
		81A0F40E198D2BEE00D148B1 /* InfoPlist.strings */ = {
			isa = PBXVariantGroup;
			children = (
				81A0F40F198D2BEE00D148B1 /* en */,
			);
			name = InfoPlist.strings;
			sourceTree = "<group>";
		};
		81A0F417198D2BEE00D148B1 /* Main.storyboard */ = {
			isa = PBXVariantGroup;
			children = (
				81A0F418198D2BEE00D148B1 /* Base */,
			);
			name = Main.storyboard;
			sourceTree = "<group>";
		};
		81A0F42D198D2BEE00D148B1 /* InfoPlist.strings */ = {
			isa = PBXVariantGroup;
			children = (
				81A0F42E198D2BEE00D148B1 /* en */,
			);
			name = InfoPlist.strings;
			sourceTree = "<group>";
		};
/* End PBXVariantGroup section */

/* Begin XCBuildConfiguration section */
		81A0F432198D2BEE00D148B1 /* Debug */ = {
			isa = XCBuildConfiguration;
			buildSettings = {
				ALWAYS_SEARCH_USER_PATHS = NO;
				CLANG_CXX_LANGUAGE_STANDARD = "gnu++0x";
				CLANG_CXX_LIBRARY = "libc++";
				CLANG_ENABLE_MODULES = YES;
				CLANG_ENABLE_OBJC_ARC = YES;
				CLANG_WARN_BOOL_CONVERSION = YES;
				CLANG_WARN_CONSTANT_CONVERSION = YES;
				CLANG_WARN_DIRECT_OBJC_ISA_USAGE = YES_ERROR;
				CLANG_WARN_EMPTY_BODY = YES;
				CLANG_WARN_ENUM_CONVERSION = YES;
				CLANG_WARN_INT_CONVERSION = YES;
				CLANG_WARN_OBJC_ROOT_CLASS = YES_ERROR;
				CLANG_WARN__DUPLICATE_METHOD_MATCH = YES;
				"CODE_SIGN_IDENTITY[sdk=iphoneos*]" = "iPhone Developer";
				COPY_PHASE_STRIP = NO;
				GCC_C_LANGUAGE_STANDARD = gnu99;
				GCC_DYNAMIC_NO_PIC = NO;
				GCC_OPTIMIZATION_LEVEL = 0;
				GCC_PREPROCESSOR_DEFINITIONS = (
					"DEBUG=1",
					"$(inherited)",
				);
				GCC_SYMBOLS_PRIVATE_EXTERN = NO;
				GCC_WARN_64_TO_32_BIT_CONVERSION = YES;
				GCC_WARN_ABOUT_RETURN_TYPE = YES_ERROR;
				GCC_WARN_UNDECLARED_SELECTOR = YES;
				GCC_WARN_UNINITIALIZED_AUTOS = YES_AGGRESSIVE;
				GCC_WARN_UNUSED_FUNCTION = YES;
				GCC_WARN_UNUSED_VARIABLE = YES;
				IPHONEOS_DEPLOYMENT_TARGET = 7.1;
				ONLY_ACTIVE_ARCH = YES;
				SDKROOT = iphoneos;
			};
			name = Debug;
		};
		81A0F433198D2BEE00D148B1 /* Release */ = {
			isa = XCBuildConfiguration;
			buildSettings = {
				ALWAYS_SEARCH_USER_PATHS = NO;
				CLANG_CXX_LANGUAGE_STANDARD = "gnu++0x";
				CLANG_CXX_LIBRARY = "libc++";
				CLANG_ENABLE_MODULES = YES;
				CLANG_ENABLE_OBJC_ARC = YES;
				CLANG_WARN_BOOL_CONVERSION = YES;
				CLANG_WARN_CONSTANT_CONVERSION = YES;
				CLANG_WARN_DIRECT_OBJC_ISA_USAGE = YES_ERROR;
				CLANG_WARN_EMPTY_BODY = YES;
				CLANG_WARN_ENUM_CONVERSION = YES;
				CLANG_WARN_INT_CONVERSION = YES;
				CLANG_WARN_OBJC_ROOT_CLASS = YES_ERROR;
				CLANG_WARN__DUPLICATE_METHOD_MATCH = YES;
				"CODE_SIGN_IDENTITY[sdk=iphoneos*]" = "iPhone Developer";
				COPY_PHASE_STRIP = YES;
				ENABLE_NS_ASSERTIONS = NO;
				GCC_C_LANGUAGE_STANDARD = gnu99;
				GCC_WARN_64_TO_32_BIT_CONVERSION = YES;
				GCC_WARN_ABOUT_RETURN_TYPE = YES_ERROR;
				GCC_WARN_UNDECLARED_SELECTOR = YES;
				GCC_WARN_UNINITIALIZED_AUTOS = YES_AGGRESSIVE;
				GCC_WARN_UNUSED_FUNCTION = YES;
				GCC_WARN_UNUSED_VARIABLE = YES;
				IPHONEOS_DEPLOYMENT_TARGET = 7.1;
				SDKROOT = iphoneos;
				VALIDATE_PRODUCT = YES;
			};
			name = Release;
		};
		81A0F435198D2BEE00D148B1 /* Debug */ = {
			isa = XCBuildConfiguration;
			baseConfigurationReference = 6B8563B7BB9D4D22B19A2DA5 /* Pods-SEEKRET.xcconfig */;
			buildSettings = {
				ASSETCATALOG_COMPILER_APPICON_NAME = AppIcon;
				ASSETCATALOG_COMPILER_LAUNCHIMAGE_NAME = LaunchImage;
				CLANG_ENABLE_MODULES = YES;
				CODE_SIGN_IDENTITY = "iPhone Developer";
				"CODE_SIGN_IDENTITY[sdk=iphoneos*]" = "iPhone Developer";
				GCC_PRECOMPILE_PREFIX_HEADER = YES;
				GCC_PREFIX_HEADER = "SEEKRET/SEEKRET-Prefix.pch";
				INFOPLIST_FILE = "SEEKRET/SEEKRET-Info.plist";
				IPHONEOS_DEPLOYMENT_TARGET = 8.0;
				LD_RUNPATH_SEARCH_PATHS = "$(inherited) @executable_path/Frameworks";
				PRODUCT_NAME = "$(TARGET_NAME)";
				PROVISIONING_PROFILE = "";
				SWIFT_OBJC_BRIDGING_HEADER = "SEEKRET/ViewController/SEEKRET-Bridging-Header.h";
				SWIFT_OPTIMIZATION_LEVEL = "-Onone";
				WRAPPER_EXTENSION = app;
			};
			name = Debug;
		};
		81A0F436198D2BEE00D148B1 /* Release */ = {
			isa = XCBuildConfiguration;
			baseConfigurationReference = 6B8563B7BB9D4D22B19A2DA5 /* Pods-SEEKRET.xcconfig */;
			buildSettings = {
				ASSETCATALOG_COMPILER_APPICON_NAME = AppIcon;
				ASSETCATALOG_COMPILER_LAUNCHIMAGE_NAME = LaunchImage;
				CLANG_ENABLE_MODULES = YES;
				CODE_SIGN_IDENTITY = "iPhone Developer";
				"CODE_SIGN_IDENTITY[sdk=iphoneos*]" = "iPhone Developer";
				GCC_PRECOMPILE_PREFIX_HEADER = YES;
				GCC_PREFIX_HEADER = "SEEKRET/SEEKRET-Prefix.pch";
				INFOPLIST_FILE = "SEEKRET/SEEKRET-Info.plist";
				IPHONEOS_DEPLOYMENT_TARGET = 8.0;
				LD_RUNPATH_SEARCH_PATHS = "$(inherited) @executable_path/Frameworks";
				PRODUCT_NAME = "$(TARGET_NAME)";
				PROVISIONING_PROFILE = "";
				SWIFT_OBJC_BRIDGING_HEADER = "SEEKRET/ViewController/SEEKRET-Bridging-Header.h";
				WRAPPER_EXTENSION = app;
			};
			name = Release;
		};
		81A0F438198D2BEE00D148B1 /* Debug */ = {
			isa = XCBuildConfiguration;
			buildSettings = {
				BUNDLE_LOADER = "$(BUILT_PRODUCTS_DIR)/SEEKRET.app/SEEKRET";
				FRAMEWORK_SEARCH_PATHS = (
					"$(SDKROOT)/Developer/Library/Frameworks",
					"$(inherited)",
					"$(DEVELOPER_FRAMEWORKS_DIR)",
				);
				GCC_PRECOMPILE_PREFIX_HEADER = YES;
				GCC_PREFIX_HEADER = "SEEKRET/SEEKRET-Prefix.pch";
				GCC_PREPROCESSOR_DEFINITIONS = (
					"DEBUG=1",
					"$(inherited)",
				);
				INFOPLIST_FILE = "SEEKRETTests/SEEKRETTests-Info.plist";
				PRODUCT_NAME = "$(TARGET_NAME)";
				TEST_HOST = "$(BUNDLE_LOADER)";
				WRAPPER_EXTENSION = xctest;
			};
			name = Debug;
		};
		81A0F439198D2BEE00D148B1 /* Release */ = {
			isa = XCBuildConfiguration;
			buildSettings = {
				BUNDLE_LOADER = "$(BUILT_PRODUCTS_DIR)/SEEKRET.app/SEEKRET";
				FRAMEWORK_SEARCH_PATHS = (
					"$(SDKROOT)/Developer/Library/Frameworks",
					"$(inherited)",
					"$(DEVELOPER_FRAMEWORKS_DIR)",
				);
				GCC_PRECOMPILE_PREFIX_HEADER = YES;
				GCC_PREFIX_HEADER = "SEEKRET/SEEKRET-Prefix.pch";
				INFOPLIST_FILE = "SEEKRETTests/SEEKRETTests-Info.plist";
				PRODUCT_NAME = "$(TARGET_NAME)";
				TEST_HOST = "$(BUNDLE_LOADER)";
				WRAPPER_EXTENSION = xctest;
			};
			name = Release;
		};
/* End XCBuildConfiguration section */

/* Begin XCConfigurationList section */
		81A0F3FD198D2BEE00D148B1 /* Build configuration list for PBXProject "SEEKRET" */ = {
			isa = XCConfigurationList;
			buildConfigurations = (
				81A0F432198D2BEE00D148B1 /* Debug */,
				81A0F433198D2BEE00D148B1 /* Release */,
			);
			defaultConfigurationIsVisible = 0;
			defaultConfigurationName = Release;
		};
		81A0F434198D2BEE00D148B1 /* Build configuration list for PBXNativeTarget "SEEKRET" */ = {
			isa = XCConfigurationList;
			buildConfigurations = (
				81A0F435198D2BEE00D148B1 /* Debug */,
				81A0F436198D2BEE00D148B1 /* Release */,
			);
			defaultConfigurationIsVisible = 0;
			defaultConfigurationName = Release;
		};
		81A0F437198D2BEE00D148B1 /* Build configuration list for PBXNativeTarget "SEEKRETTests" */ = {
			isa = XCConfigurationList;
			buildConfigurations = (
				81A0F438198D2BEE00D148B1 /* Debug */,
				81A0F439198D2BEE00D148B1 /* Release */,
			);
			defaultConfigurationIsVisible = 0;
			defaultConfigurationName = Release;
		};
/* End XCConfigurationList section */
	};
	rootObject = 81A0F3FA198D2BEE00D148B1 /* Project object */;
}
